# THIS IS AN AUTOGENERATED FILE. DO NOT EDIT THIS FILE DIRECTLY.
# yarn lockfile v1


lodash@~4.17.15:
  version "4.17.15"
  resolved "https://registry.yarnpkg.com/lodash/-/lodash-4.17.15.tgz#b447f6670a0455bbfeedd11392eff330ea097548"
  integrity sha512-8xOcRHvCjnocdS5cpwXQXVzmmh5e5+saE2QGoeQmbKmRS6J3VQppPOIt0MnmE+4xlZoumy0GPG0D0MVIQbNA1A==

react-native-root-siblings@~4.0.6:
  version "4.0.6"
  resolved "https://registry.yarnpkg.com/react-native-root-siblings/-/react-native-root-siblings-4.0.6.tgz#6dd7eedb725faacd7ba19c159dd279cf2e6d8476"
  integrity sha512-u/MaJLdD3bnshDFg8HWB0Xys1xlkQy6++3QthQlYw4kOFElobb6V1IIn5r46JvBTr9cf6dXsrFC4zPVXuwW1ww==
  dependencies:
    static-container "^1.5.1"

static-container@^1.5.1:
  version "1.5.1"
  resolved "https://registry.yarnpkg.com/static-container/-/static-container-1.5.1.tgz#9d7a94e04dea864539a7b6a1304843ada740dc19"
  integrity sha512-OFChfLKIvSzaMA3otS5CEabJTIzHFPhMxogIT+io4F207PXTvS6woFyjXIyXyqMIYAhryePGeFZYC6uLcG1lpA==
